{
  "name": "arraymap-by-syn",
  "version": "1.0.1",
  "lockfileVersion": 1,
  "requires": true,
  "dependencies": {
    "array-map-by-syn": {
      "version": "1.0.1",
      "resolved": "https://registry.npmjs.org/array-map-by-syn/-/array-map-by-syn-1.0.1.tgz",
      "integrity": "sha512-ZDKI8EBCxoUGvVj2rL9h1k8C8C87NL9Ptso2qeqao9h55V5LJ3f/W7pcK4qDNcMYGHdXCHbwFCn9JV6toVLS6Q=="
    },
    "typescript": {
      "version": "3.8.3",
      "resolved": "https://registry.npmjs.org/typescript/-/typescript-3.8.3.tgz",
      "integrity": "sha512-MYlEfn5VrLNsgudQTVJeNaQFUAI7DkhnOjdpAp4T+ku1TfQClewlbSuTVHiA+8skNBgaf02TL/kLOvig4y3G8w==",
      "dev": true
    }
  }
}
